
Microsoft Visual Studio Solution File, Format Version 12.00
# Visual Studio Version 17
VisualStudioVersion = 17.0.31903.59
MinimumVisualStudioVersion = 10.0.40219.1
Project("{9A19103F-16F7-4668-BE54-9A1E7A4F7556}") = "Domain", "src\Domain\Domain.csproj", "{407AB982-3BA7-4FD6-9CC4-9EC926E8A835}"
EndProject
Project("{9A19103F-16F7-4668-BE54-9A1E7A4F7556}") = "Logic", "src\Logic\Logic.csproj", "{32C0B315-B3DD-46B5-9AAD-239BA94A75D2}"
EndProject
Project("{9A19103F-16F7-4668-BE54-9A1E7A4F7556}") = "WebUI", "src\WebUI\WebUI.csproj", "{9AD518BE-02ED-430F-BC0E-9148959718A3}"
EndProject
Global
	GlobalSection(SolutionConfigurationPlatforms) = preSolution
		Debug|Any CPU = Debug|Any CPU
		Release|Any CPU = Release|Any CPU
	EndGlobalSection
	GlobalSection(ProjectConfigurationPlatforms) = postSolution
		{407AB982-3BA7-4FD6-9CC4-9EC926E8A835}.Debug|Any CPU.ActiveCfg = Debug|Any CPU
		{407AB982-3BA7-4FD6-9CC4-9EC926E8A835}.Debug|Any CPU.Build.0 = Debug|Any CPU
		{407AB982-3BA7-4FD6-9CC4-9EC926E8A835}.Release|Any CPU.ActiveCfg = Release|Any CPU
		{407AB982-3BA7-4FD6-9CC4-9EC926E8A835}.Release|Any CPU.Build.0 = Release|Any CPU
		{32C0B315-B3DD-46B5-9AAD-239BA94A75D2}.Debug|Any CPU.ActiveCfg = Debug|Any CPU
		{32C0B315-B3DD-46B5-9AAD-239BA94A75D2}.Debug|Any CPU.Build.0 = Debug|Any CPU
		{32C0B315-B3DD-46B5-9AAD-239BA94A75D2}.Release|Any CPU.ActiveCfg = Release|Any CPU
		{32C0B315-B3DD-46B5-9AAD-239BA94A75D2}.Release|Any CPU.Build.0 = Release|Any CPU
		{9AD518BE-02ED-430F-BC0E-9148959718A3}.Debug|Any CPU.ActiveCfg = Debug|Any CPU
		{9AD518BE-02ED-430F-BC0E-9148959718A3}.Debug|Any CPU.Build.0 = Debug|Any CPU
		{9AD518BE-02ED-430F-BC0E-9148959718A3}.Release|Any CPU.ActiveCfg = Release|Any CPU
		{9AD518BE-02ED-430F-BC0E-9148959718A3}.Release|Any CPU.Build.0 = Release|Any CPU
	EndGlobalSection
	GlobalSection(SolutionProperties) = preSolution
		HideSolutionNode = FALSE
	EndGlobalSection
	GlobalSection(ExtensibilityGlobals) = postSolution
		SolutionGuid = {7AF4526A-AA56-4AB6-8E52-96421FB25DC2}
	EndGlobalSection
EndGlobal
